
Microsoft Visual Studio Solution File, Format Version 12.00
# Visual Studio 15
VisualStudioVersion = 15.0.28307.102
MinimumVisualStudioVersion = 10.0.40219.1
Project("{9A19103F-16F7-4668-BE54-9A1E7A4F7556}") = "BtcTransmuter.Abstractions", "BtcTransmuter.Abstractions\BtcTransmuter.Abstractions.csproj", "{C85FA1C3-F067-4654-A3AB-B1E0EA2A13EF}"
EndProject
Project("{9A19103F-16F7-4668-BE54-9A1E7A4F7556}") = "BtcTransmuter", "BtcTransmuter\BtcTransmuter.csproj", "{8FE15314-1F22-4AAB-9856-30A62C2933EE}"
EndProject
Project("{9A19103F-16F7-4668-BE54-9A1E7A4F7556}") = "BtcTransmuter.Extension.Email", "BtcTransmuter.Extension.Email\BtcTransmuter.Extension.Email.csproj", "{8BDBFBB0-1326-4A02-A9BC-C2F10B510426}"
EndProject
Project("{9A19103F-16F7-4668-BE54-9A1E7A4F7556}") = "BtcTransmuter.Data", "BtcTransmuter.Data\BtcTransmuter.Data.csproj", "{0C0781FD-A7AC-4B74-B55D-462A023EBF76}"
EndProject
Project("{9A19103F-16F7-4668-BE54-9A1E7A4F7556}") = "BtcTransmuter.Services", "BtcTransmuter.Services\BtcTransmuter.Services.csproj", "{9291F9D5-D7F1-4DBC-B482-AC668A128727}"
EndProject
Project("{9A19103F-16F7-4668-BE54-9A1E7A4F7556}") = "BtcTransmuter.Extension.BtcPayServer", "BtcTransmuter.Extension.BtcPayServer\BtcTransmuter.Extension.BtcPayServer.csproj", "{FF5AAFF7-B2EF-441B-8BCC-32AF0735680F}"
EndProject
Project("{9A19103F-16F7-4668-BE54-9A1E7A4F7556}") = "BtcTransmuter.Extension.Exchange", "BtcTransmuter.Extension.Exchange\BtcTransmuter.Extension.Exchange.csproj", "{ABE3DB20-7E3D-477F-9F48-D184DC9828A9}"
EndProject
Project("{9A19103F-16F7-4668-BE54-9A1E7A4F7556}") = "BtcTransmuter.Extension.Timer", "BtcTRansmuter.Extension.Timer\BtcTransmuter.Extension.Timer.csproj", "{B9849D35-81B6-4CD0-8D47-62F2089C4F7A}"
EndProject
Project("{9A19103F-16F7-4668-BE54-9A1E7A4F7556}") = "BtcTransmuter.Extension.Recipe", "BtcTransmuter.Extension.Recipe\BtcTransmuter.Extension.Recipe.csproj", "{F7F345BF-A429-4D13-99AF-443F67102DEE}"
EndProject
Project("{9A19103F-16F7-4668-BE54-9A1E7A4F7556}") = "BtcTransmuter.Extension.Webhook", "BtcTransmuter.Extension.Webhook\BtcTransmuter.Extension.Webhook.csproj", "{C213433D-E2AC-46D9-9818-F5A01D144B47}"
EndProject
Project("{9A19103F-16F7-4668-BE54-9A1E7A4F7556}") = "BtcTransmuter.Tests", "BtcTransmuter.Tests\BtcTransmuter.Tests.csproj", "{C6B38273-7152-4B05-AA99-10672CE8D1DF}"
EndProject
Project("{9A19103F-16F7-4668-BE54-9A1E7A4F7556}") = "BtcTransmuter.Extension.Exchange.Tests", "BtcTransmuter.Extension.Exchange.Tests\BtcTransmuter.Extension.Exchange.Tests.csproj", "{2F3CE30A-E0B1-483B-AF25-47387DE292BE}"
EndProject
Project("{9A19103F-16F7-4668-BE54-9A1E7A4F7556}") = "BtcTransmuter.Extension.Webhook.Tests", "BtcTransmuter.Extension.Webhook.Tests\BtcTransmuter.Extension.Webhook.Tests.csproj", "{A2039A2D-410F-485E-9D72-28A2541041A2}"
EndProject
Project("{9A19103F-16F7-4668-BE54-9A1E7A4F7556}") = "BtcTransmuter.Extension.NBXplorer", "BtcTransmuter.Extension.NBXplorer\BtcTransmuter.Extension.NBXplorer.csproj", "{C6E0F70A-3045-4D01-8127-1F17A3478090}"
EndProject
Project("{FAE04EC0-301F-11D3-BF4B-00C04F79EFBC}") = "BtcTransmuter.Extension.Lightning", "BtcTransmuter.Extension.Lightning\BtcTransmuter.Extension.Lightning.csproj", "{19C9B628-8972-463D-9EFA-12E4CAA49680}"
EndProject
Project("{FAE04EC0-301F-11D3-BF4B-00C04F79EFBC}") = "BtcTransmuter.Extension.Operators", "BtcTransmuter.Extension.Operators\BtcTransmuter.Extension.Operators.csproj", "{1E82DF21-3DDB-4920-B6BE-5418AFC8B15F}"
EndProject
Project("{FAE04EC0-301F-11D3-BF4B-00C04F79EFBC}") = "BtcTransmuter.Extension.DynamicServices", "BtcTransmuter.Extension.DynamicServices\BtcTransmuter.Extension.DynamicServices.csproj", "{E8E18E51-C13C-473E-A140-6952E2CA4260}"
EndProject
Project("{FAE04EC0-301F-11D3-BF4B-00C04F79EFBC}") = "BtcTransmuter.Tests.Base", "BtcTransmuter.Tests.Base\BtcTransmuter.Tests.Base.csproj", "{F0726695-92AD-4A92-99C2-175D334442D0}"
EndProject
Project("{FAE04EC0-301F-11D3-BF4B-00C04F79EFBC}") = "BtcTransmuter.Extension.BtcPayServer.Tests", "BtcTransmuter.Extension.BtcPayServer.Tests\BtcTransmuter.Extension.BtcPayServer.Tests.csproj", "{A969B952-1F78-4E85-9789-7DD23B742766}"
EndProject
Project("{FAE04EC0-301F-11D3-BF4B-00C04F79EFBC}") = "BtcTransmuter.Extension.DynamicServices.Tests", "BtcTransmuter.Extension.DynamicServices.Tests\BtcTransmuter.Extension.DynamicServices.Tests.csproj", "{9A2A367B-4396-45A3-A6EE-165A0F0AD40C}"
EndProject
Project("{FAE04EC0-301F-11D3-BF4B-00C04F79EFBC}") = "BtcTransmuter.Extension.Email.Tests", "BtcTransmuter.Extension.Email.Tests\BtcTransmuter.Extension.Email.Tests.csproj", "{CD2AA3B9-A024-4152-8DC9-7F8E2424372D}"
EndProject
Project("{FAE04EC0-301F-11D3-BF4B-00C04F79EFBC}") = "BtcTransmuter.Extension.Timer.Tests", "BtcTransmuter.Extension.Timer.Tests\BtcTransmuter.Extension.Timer.Tests.csproj", "{AB1F5C4A-23C2-4D28-A9D2-F268F31DC6A4}"
EndProject
Project("{FAE04EC0-301F-11D3-BF4B-00C04F79EFBC}") = "BtcTransmuter.Extension.Recipe.Tests", "BtcTransmuter.Extension.Recipe.Tests\BtcTransmuter.Extension.Recipe.Tests.csproj", "{5F9CB627-1948-4E8F-BDA1-F7F2D6C06319}"
EndProject
Project("{FAE04EC0-301F-11D3-BF4B-00C04F79EFBC}") = "BtcTransmuter.Extension.Operators.Tests", "BtcTransmuter.Extension.Operators.Tests\BtcTransmuter.Extension.Operators.Tests.csproj", "{D45DE8B1-339D-4380-A4DE-779FD96C1191}"
EndProject
Project("{FAE04EC0-301F-11D3-BF4B-00C04F79EFBC}") = "BtcTransmuter.Extension.NBXplorer.Tests", "BtcTransmuter.Extension.NBXplorer.Tests\BtcTransmuter.Extension.NBXplorer.Tests.csproj", "{6A7175B9-CDEA-410A-A9E4-07DD2791C33B}"
EndProject
Project("{FAE04EC0-301F-11D3-BF4B-00C04F79EFBC}") = "BtcTransmuter.Extension.Lightning.Tests", "BtcTransmuter.Extension.Lightning.Tests\BtcTransmuter.Extension.Lightning.Tests.csproj", "{8B80790C-DED8-48B2-BC1B-3DF39C6AA739}"
EndProject
Project("{FAE04EC0-301F-11D3-BF4B-00C04F79EFBC}") = "BtcTransmuter.Extension.Presets", "BtcTransmuter.Extension.Presets\BtcTransmuter.Extension.Presets.csproj", "{E13C5388-D38B-4819-8BDE-58F7F1B3235D}"
EndProject
Project("{FAE04EC0-301F-11D3-BF4B-00C04F79EFBC}") = "BTCTransmuter.Extension.Tor", "BTCTransmuter.Extension.Tor\BTCTransmuter.Extension.Tor.csproj", "{C876B33E-C07A-4196-9995-B811F3B5FD6F}"
EndProject
Global
	GlobalSection(SolutionConfigurationPlatforms) = preSolution
		Debug|Any CPU = Debug|Any CPU
		Release|Any CPU = Release|Any CPU
	EndGlobalSection
	GlobalSection(ProjectConfigurationPlatforms) = postSolution
		{C85FA1C3-F067-4654-A3AB-B1E0EA2A13EF}.Debug|Any CPU.ActiveCfg = Debug|Any CPU
		{C85FA1C3-F067-4654-A3AB-B1E0EA2A13EF}.Debug|Any CPU.Build.0 = Debug|Any CPU
		{C85FA1C3-F067-4654-A3AB-B1E0EA2A13EF}.Release|Any CPU.ActiveCfg = Release|Any CPU
		{C85FA1C3-F067-4654-A3AB-B1E0EA2A13EF}.Release|Any CPU.Build.0 = Release|Any CPU
		{8FE15314-1F22-4AAB-9856-30A62C2933EE}.Debug|Any CPU.ActiveCfg = Debug|Any CPU
		{8FE15314-1F22-4AAB-9856-30A62C2933EE}.Debug|Any CPU.Build.0 = Debug|Any CPU
		{8FE15314-1F22-4AAB-9856-30A62C2933EE}.Release|Any CPU.ActiveCfg = Release|Any CPU
		{8FE15314-1F22-4AAB-9856-30A62C2933EE}.Release|Any CPU.Build.0 = Release|Any CPU
		{8BDBFBB0-1326-4A02-A9BC-C2F10B510426}.Debug|Any CPU.ActiveCfg = Debug|Any CPU
		{8BDBFBB0-1326-4A02-A9BC-C2F10B510426}.Debug|Any CPU.Build.0 = Debug|Any CPU
		{8BDBFBB0-1326-4A02-A9BC-C2F10B510426}.Release|Any CPU.ActiveCfg = Release|Any CPU
		{8BDBFBB0-1326-4A02-A9BC-C2F10B510426}.Release|Any CPU.Build.0 = Release|Any CPU
		{0C0781FD-A7AC-4B74-B55D-462A023EBF76}.Debug|Any CPU.ActiveCfg = Debug|Any CPU
		{0C0781FD-A7AC-4B74-B55D-462A023EBF76}.Debug|Any CPU.Build.0 = Debug|Any CPU
		{0C0781FD-A7AC-4B74-B55D-462A023EBF76}.Release|Any CPU.ActiveCfg = Release|Any CPU
		{0C0781FD-A7AC-4B74-B55D-462A023EBF76}.Release|Any CPU.Build.0 = Release|Any CPU
		{9291F9D5-D7F1-4DBC-B482-AC668A128727}.Debug|Any CPU.ActiveCfg = Debug|Any CPU
		{9291F9D5-D7F1-4DBC-B482-AC668A128727}.Debug|Any CPU.Build.0 = Debug|Any CPU
		{9291F9D5-D7F1-4DBC-B482-AC668A128727}.Release|Any CPU.ActiveCfg = Release|Any CPU
		{9291F9D5-D7F1-4DBC-B482-AC668A128727}.Release|Any CPU.Build.0 = Release|Any CPU
		{FF5AAFF7-B2EF-441B-8BCC-32AF0735680F}.Debug|Any CPU.ActiveCfg = Debug|Any CPU
		{FF5AAFF7-B2EF-441B-8BCC-32AF0735680F}.Debug|Any CPU.Build.0 = Debug|Any CPU
		{FF5AAFF7-B2EF-441B-8BCC-32AF0735680F}.Release|Any CPU.ActiveCfg = Release|Any CPU
		{FF5AAFF7-B2EF-441B-8BCC-32AF0735680F}.Release|Any CPU.Build.0 = Release|Any CPU
		{ABE3DB20-7E3D-477F-9F48-D184DC9828A9}.Debug|Any CPU.ActiveCfg = Debug|Any CPU
		{ABE3DB20-7E3D-477F-9F48-D184DC9828A9}.Debug|Any CPU.Build.0 = Debug|Any CPU
		{ABE3DB20-7E3D-477F-9F48-D184DC9828A9}.Release|Any CPU.ActiveCfg = Release|Any CPU
		{ABE3DB20-7E3D-477F-9F48-D184DC9828A9}.Release|Any CPU.Build.0 = Release|Any CPU
		{B9849D35-81B6-4CD0-8D47-62F2089C4F7A}.Debug|Any CPU.ActiveCfg = Debug|Any CPU
		{B9849D35-81B6-4CD0-8D47-62F2089C4F7A}.Debug|Any CPU.Build.0 = Debug|Any CPU
		{B9849D35-81B6-4CD0-8D47-62F2089C4F7A}.Release|Any CPU.ActiveCfg = Release|Any CPU
		{B9849D35-81B6-4CD0-8D47-62F2089C4F7A}.Release|Any CPU.Build.0 = Release|Any CPU
		{F7F345BF-A429-4D13-99AF-443F67102DEE}.Debug|Any CPU.ActiveCfg = Debug|Any CPU
		{F7F345BF-A429-4D13-99AF-443F67102DEE}.Debug|Any CPU.Build.0 = Debug|Any CPU
		{F7F345BF-A429-4D13-99AF-443F67102DEE}.Release|Any CPU.ActiveCfg = Release|Any CPU
		{F7F345BF-A429-4D13-99AF-443F67102DEE}.Release|Any CPU.Build.0 = Release|Any CPU
		{C213433D-E2AC-46D9-9818-F5A01D144B47}.Debug|Any CPU.ActiveCfg = Debug|Any CPU
		{C213433D-E2AC-46D9-9818-F5A01D144B47}.Debug|Any CPU.Build.0 = Debug|Any CPU
		{C213433D-E2AC-46D9-9818-F5A01D144B47}.Release|Any CPU.ActiveCfg = Release|Any CPU
		{C213433D-E2AC-46D9-9818-F5A01D144B47}.Release|Any CPU.Build.0 = Release|Any CPU
		{C6B38273-7152-4B05-AA99-10672CE8D1DF}.Debug|Any CPU.ActiveCfg = Debug|Any CPU
		{C6B38273-7152-4B05-AA99-10672CE8D1DF}.Debug|Any CPU.Build.0 = Debug|Any CPU
		{C6B38273-7152-4B05-AA99-10672CE8D1DF}.Release|Any CPU.ActiveCfg = Release|Any CPU
		{C6B38273-7152-4B05-AA99-10672CE8D1DF}.Release|Any CPU.Build.0 = Release|Any CPU
		{2F3CE30A-E0B1-483B-AF25-47387DE292BE}.Debug|Any CPU.ActiveCfg = Debug|Any CPU
		{2F3CE30A-E0B1-483B-AF25-47387DE292BE}.Debug|Any CPU.Build.0 = Debug|Any CPU
		{2F3CE30A-E0B1-483B-AF25-47387DE292BE}.Release|Any CPU.ActiveCfg = Release|Any CPU
		{2F3CE30A-E0B1-483B-AF25-47387DE292BE}.Release|Any CPU.Build.0 = Release|Any CPU
		{A2039A2D-410F-485E-9D72-28A2541041A2}.Debug|Any CPU.ActiveCfg = Debug|Any CPU
		{A2039A2D-410F-485E-9D72-28A2541041A2}.Debug|Any CPU.Build.0 = Debug|Any CPU
		{A2039A2D-410F-485E-9D72-28A2541041A2}.Release|Any CPU.ActiveCfg = Release|Any CPU
		{A2039A2D-410F-485E-9D72-28A2541041A2}.Release|Any CPU.Build.0 = Release|Any CPU
		{C6E0F70A-3045-4D01-8127-1F17A3478090}.Debug|Any CPU.ActiveCfg = Debug|Any CPU
		{C6E0F70A-3045-4D01-8127-1F17A3478090}.Debug|Any CPU.Build.0 = Debug|Any CPU
		{C6E0F70A-3045-4D01-8127-1F17A3478090}.Release|Any CPU.ActiveCfg = Release|Any CPU
		{C6E0F70A-3045-4D01-8127-1F17A3478090}.Release|Any CPU.Build.0 = Release|Any CPU
		{19C9B628-8972-463D-9EFA-12E4CAA49680}.Debug|Any CPU.ActiveCfg = Debug|Any CPU
		{19C9B628-8972-463D-9EFA-12E4CAA49680}.Debug|Any CPU.Build.0 = Debug|Any CPU
		{19C9B628-8972-463D-9EFA-12E4CAA49680}.Release|Any CPU.ActiveCfg = Release|Any CPU
		{19C9B628-8972-463D-9EFA-12E4CAA49680}.Release|Any CPU.Build.0 = Release|Any CPU
		{1E82DF21-3DDB-4920-B6BE-5418AFC8B15F}.Debug|Any CPU.ActiveCfg = Debug|Any CPU
		{1E82DF21-3DDB-4920-B6BE-5418AFC8B15F}.Debug|Any CPU.Build.0 = Debug|Any CPU
		{1E82DF21-3DDB-4920-B6BE-5418AFC8B15F}.Release|Any CPU.ActiveCfg = Release|Any CPU
		{1E82DF21-3DDB-4920-B6BE-5418AFC8B15F}.Release|Any CPU.Build.0 = Release|Any CPU
		{E8E18E51-C13C-473E-A140-6952E2CA4260}.Debug|Any CPU.ActiveCfg = Debug|Any CPU
		{E8E18E51-C13C-473E-A140-6952E2CA4260}.Debug|Any CPU.Build.0 = Debug|Any CPU
		{E8E18E51-C13C-473E-A140-6952E2CA4260}.Release|Any CPU.ActiveCfg = Release|Any CPU
		{E8E18E51-C13C-473E-A140-6952E2CA4260}.Release|Any CPU.Build.0 = Release|Any CPU
		{F0726695-92AD-4A92-99C2-175D334442D0}.Debug|Any CPU.ActiveCfg = Debug|Any CPU
		{F0726695-92AD-4A92-99C2-175D334442D0}.Debug|Any CPU.Build.0 = Debug|Any CPU
		{F0726695-92AD-4A92-99C2-175D334442D0}.Release|Any CPU.ActiveCfg = Release|Any CPU
		{F0726695-92AD-4A92-99C2-175D334442D0}.Release|Any CPU.Build.0 = Release|Any CPU
		{A969B952-1F78-4E85-9789-7DD23B742766}.Debug|Any CPU.ActiveCfg = Debug|Any CPU
		{A969B952-1F78-4E85-9789-7DD23B742766}.Debug|Any CPU.Build.0 = Debug|Any CPU
		{A969B952-1F78-4E85-9789-7DD23B742766}.Release|Any CPU.ActiveCfg = Release|Any CPU
		{A969B952-1F78-4E85-9789-7DD23B742766}.Release|Any CPU.Build.0 = Release|Any CPU
		{9A2A367B-4396-45A3-A6EE-165A0F0AD40C}.Debug|Any CPU.ActiveCfg = Debug|Any CPU
		{9A2A367B-4396-45A3-A6EE-165A0F0AD40C}.Debug|Any CPU.Build.0 = Debug|Any CPU
		{9A2A367B-4396-45A3-A6EE-165A0F0AD40C}.Release|Any CPU.ActiveCfg = Release|Any CPU
		{9A2A367B-4396-45A3-A6EE-165A0F0AD40C}.Release|Any CPU.Build.0 = Release|Any CPU
		{CD2AA3B9-A024-4152-8DC9-7F8E2424372D}.Debug|Any CPU.ActiveCfg = Debug|Any CPU
		{CD2AA3B9-A024-4152-8DC9-7F8E2424372D}.Debug|Any CPU.Build.0 = Debug|Any CPU
		{CD2AA3B9-A024-4152-8DC9-7F8E2424372D}.Release|Any CPU.ActiveCfg = Release|Any CPU
		{CD2AA3B9-A024-4152-8DC9-7F8E2424372D}.Release|Any CPU.Build.0 = Release|Any CPU
		{AB1F5C4A-23C2-4D28-A9D2-F268F31DC6A4}.Debug|Any CPU.ActiveCfg = Debug|Any CPU
		{AB1F5C4A-23C2-4D28-A9D2-F268F31DC6A4}.Debug|Any CPU.Build.0 = Debug|Any CPU
		{AB1F5C4A-23C2-4D28-A9D2-F268F31DC6A4}.Release|Any CPU.ActiveCfg = Release|Any CPU
		{AB1F5C4A-23C2-4D28-A9D2-F268F31DC6A4}.Release|Any CPU.Build.0 = Release|Any CPU
		{5F9CB627-1948-4E8F-BDA1-F7F2D6C06319}.Debug|Any CPU.ActiveCfg = Debug|Any CPU
		{5F9CB627-1948-4E8F-BDA1-F7F2D6C06319}.Debug|Any CPU.Build.0 = Debug|Any CPU
		{5F9CB627-1948-4E8F-BDA1-F7F2D6C06319}.Release|Any CPU.ActiveCfg = Release|Any CPU
		{5F9CB627-1948-4E8F-BDA1-F7F2D6C06319}.Release|Any CPU.Build.0 = Release|Any CPU
		{D45DE8B1-339D-4380-A4DE-779FD96C1191}.Debug|Any CPU.ActiveCfg = Debug|Any CPU
		{D45DE8B1-339D-4380-A4DE-779FD96C1191}.Debug|Any CPU.Build.0 = Debug|Any CPU
		{D45DE8B1-339D-4380-A4DE-779FD96C1191}.Release|Any CPU.ActiveCfg = Release|Any CPU
		{D45DE8B1-339D-4380-A4DE-779FD96C1191}.Release|Any CPU.Build.0 = Release|Any CPU
		{6A7175B9-CDEA-410A-A9E4-07DD2791C33B}.Debug|Any CPU.ActiveCfg = Debug|Any CPU
		{6A7175B9-CDEA-410A-A9E4-07DD2791C33B}.Debug|Any CPU.Build.0 = Debug|Any CPU
		{6A7175B9-CDEA-410A-A9E4-07DD2791C33B}.Release|Any CPU.ActiveCfg = Release|Any CPU
		{6A7175B9-CDEA-410A-A9E4-07DD2791C33B}.Release|Any CPU.Build.0 = Release|Any CPU
		{8B80790C-DED8-48B2-BC1B-3DF39C6AA739}.Debug|Any CPU.ActiveCfg = Debug|Any CPU
		{8B80790C-DED8-48B2-BC1B-3DF39C6AA739}.Debug|Any CPU.Build.0 = Debug|Any CPU
		{8B80790C-DED8-48B2-BC1B-3DF39C6AA739}.Release|Any CPU.ActiveCfg = Release|Any CPU
		{8B80790C-DED8-48B2-BC1B-3DF39C6AA739}.Release|Any CPU.Build.0 = Release|Any CPU
		{E13C5388-D38B-4819-8BDE-58F7F1B3235D}.Debug|Any CPU.ActiveCfg = Debug|Any CPU
		{E13C5388-D38B-4819-8BDE-58F7F1B3235D}.Debug|Any CPU.Build.0 = Debug|Any CPU
		{E13C5388-D38B-4819-8BDE-58F7F1B3235D}.Release|Any CPU.ActiveCfg = Release|Any CPU
		{E13C5388-D38B-4819-8BDE-58F7F1B3235D}.Release|Any CPU.Build.0 = Release|Any CPU
		{C876B33E-C07A-4196-9995-B811F3B5FD6F}.Debug|Any CPU.ActiveCfg = Debug|Any CPU
		{C876B33E-C07A-4196-9995-B811F3B5FD6F}.Debug|Any CPU.Build.0 = Debug|Any CPU
		{C876B33E-C07A-4196-9995-B811F3B5FD6F}.Release|Any CPU.ActiveCfg = Release|Any CPU
		{C876B33E-C07A-4196-9995-B811F3B5FD6F}.Release|Any CPU.Build.0 = Release|Any CPU
	EndGlobalSection
	GlobalSection(SolutionProperties) = preSolution
		HideSolutionNode = FALSE
	EndGlobalSection
	GlobalSection(ExtensibilityGlobals) = postSolution
		SolutionGuid = {623ECF2C-6051-42EB-84C4-177F59F2392F}
	EndGlobalSection
EndGlobal
