
Microsoft Visual Studio Solution File, Format Version 12.00
# Visual Studio 15
VisualStudioVersion = 15.0.28307.102
MinimumVisualStudioVersion = 10.0.40219.1
Project("{9A19103F-16F7-4668-BE54-9A1E7A4F7556}") = "BtcTransmuter.Abstractions", "BtcTransmuter.Abstractions\BtcTransmuter.Abstractions.csproj", "{C85FA1C3-F067-4654-A3AB-B1E0EA2A13EF}"
EndProject
Project("{9A19103F-16F7-4668-BE54-9A1E7A4F7556}") = "BtcTransmuter", "BtcTransmuter\BtcTransmuter.csproj", "{8FE15314-1F22-4AAB-9856-30A62C2933EE}"
EndProject
Project("{9A19103F-16F7-4668-BE54-9A1E7A4F7556}") = "BtcTransmuter.Extension.Email", "BtcTransmuter.Extension.Email\BtcTransmuter.Extension.Email.csproj", "{8BDBFBB0-1326-4A02-A9BC-C2F10B510426}"
EndProject
Project("{9A19103F-16F7-4668-BE54-9A1E7A4F7556}") = "BtcTransmuter.Data", "BtcTransmuter.Data\BtcTransmuter.Data.csproj", "{0C0781FD-A7AC-4B74-B55D-462A023EBF76}"
EndProject
Project("{9A19103F-16F7-4668-BE54-9A1E7A4F7556}") = "BtcTransmuter.Services", "BtcTransmuter.Services\BtcTransmuter.Services.csproj", "{9291F9D5-D7F1-4DBC-B482-AC668A128727}"
EndProject
Project("{9A19103F-16F7-4668-BE54-9A1E7A4F7556}") = "BtcTransmuter.Extension.BtcPayServer", "BtcTransmuter.Extension.BtcPayServer\BtcTransmuter.Extension.BtcPayServer.csproj", "{FF5AAFF7-B2EF-441B-8BCC-32AF0735680F}"
EndProject
Project("{9A19103F-16F7-4668-BE54-9A1E7A4F7556}") = "BtcTransmuter.Extension.Exchange", "BtcTransmuter.Extension.Exchange\BtcTransmuter.Extension.Exchange.csproj", "{ABE3DB20-7E3D-477F-9F48-D184DC9828A9}"
EndProject
Project("{9A19103F-16F7-4668-BE54-9A1E7A4F7556}") = "BtcTransmuter.Extension.Timer", "BtcTRansmuter.Extension.Timer\BtcTransmuter.Extension.Timer.csproj", "{B9849D35-81B6-4CD0-8D47-62F2089C4F7A}"
EndProject
Project("{9A19103F-16F7-4668-BE54-9A1E7A4F7556}") = "BtcTransmuter.Extension.Recipe", "BtcTransmuter.Extension.Recipe\BtcTransmuter.Extension.Recipe.csproj", "{F7F345BF-A429-4D13-99AF-443F67102DEE}"
EndProject
Project("{9A19103F-16F7-4668-BE54-9A1E7A4F7556}") = "BtcTransmuter.Extension.Webhook", "BtcTransmuter.Extension.Webhook\BtcTransmuter.Extension.Webhook.csproj", "{C213433D-E2AC-46D9-9818-F5A01D144B47}"
EndProject
Project("{FAE04EC0-301F-11D3-BF4B-00C04F79EFBC}") = "BtcTransmuter.Tests", "BtcTransmuter.Tests\BtcTransmuter.Tests.csproj", "{C6B38273-7152-4B05-AA99-10672CE8D1DF}"
EndProject
Global
	GlobalSection(SolutionConfigurationPlatforms) = preSolution
		Debug|Any CPU = Debug|Any CPU
		Release|Any CPU = Release|Any CPU
	EndGlobalSection
	GlobalSection(ProjectConfigurationPlatforms) = postSolution
		{C85FA1C3-F067-4654-A3AB-B1E0EA2A13EF}.Debug|Any CPU.ActiveCfg = Debug|Any CPU
		{C85FA1C3-F067-4654-A3AB-B1E0EA2A13EF}.Debug|Any CPU.Build.0 = Debug|Any CPU
		{C85FA1C3-F067-4654-A3AB-B1E0EA2A13EF}.Release|Any CPU.ActiveCfg = Release|Any CPU
		{C85FA1C3-F067-4654-A3AB-B1E0EA2A13EF}.Release|Any CPU.Build.0 = Release|Any CPU
		{8FE15314-1F22-4AAB-9856-30A62C2933EE}.Debug|Any CPU.ActiveCfg = Debug|Any CPU
		{8FE15314-1F22-4AAB-9856-30A62C2933EE}.Debug|Any CPU.Build.0 = Debug|Any CPU
		{8FE15314-1F22-4AAB-9856-30A62C2933EE}.Release|Any CPU.ActiveCfg = Release|Any CPU
		{8FE15314-1F22-4AAB-9856-30A62C2933EE}.Release|Any CPU.Build.0 = Release|Any CPU
		{8BDBFBB0-1326-4A02-A9BC-C2F10B510426}.Debug|Any CPU.ActiveCfg = Debug|Any CPU
		{8BDBFBB0-1326-4A02-A9BC-C2F10B510426}.Debug|Any CPU.Build.0 = Debug|Any CPU
		{8BDBFBB0-1326-4A02-A9BC-C2F10B510426}.Release|Any CPU.ActiveCfg = Release|Any CPU
		{8BDBFBB0-1326-4A02-A9BC-C2F10B510426}.Release|Any CPU.Build.0 = Release|Any CPU
		{0C0781FD-A7AC-4B74-B55D-462A023EBF76}.Debug|Any CPU.ActiveCfg = Debug|Any CPU
		{0C0781FD-A7AC-4B74-B55D-462A023EBF76}.Debug|Any CPU.Build.0 = Debug|Any CPU
		{0C0781FD-A7AC-4B74-B55D-462A023EBF76}.Release|Any CPU.ActiveCfg = Release|Any CPU
		{0C0781FD-A7AC-4B74-B55D-462A023EBF76}.Release|Any CPU.Build.0 = Release|Any CPU
		{9291F9D5-D7F1-4DBC-B482-AC668A128727}.Debug|Any CPU.ActiveCfg = Debug|Any CPU
		{9291F9D5-D7F1-4DBC-B482-AC668A128727}.Debug|Any CPU.Build.0 = Debug|Any CPU
		{9291F9D5-D7F1-4DBC-B482-AC668A128727}.Release|Any CPU.ActiveCfg = Release|Any CPU
		{9291F9D5-D7F1-4DBC-B482-AC668A128727}.Release|Any CPU.Build.0 = Release|Any CPU
		{FF5AAFF7-B2EF-441B-8BCC-32AF0735680F}.Debug|Any CPU.ActiveCfg = Debug|Any CPU
		{FF5AAFF7-B2EF-441B-8BCC-32AF0735680F}.Debug|Any CPU.Build.0 = Debug|Any CPU
		{FF5AAFF7-B2EF-441B-8BCC-32AF0735680F}.Release|Any CPU.ActiveCfg = Release|Any CPU
		{FF5AAFF7-B2EF-441B-8BCC-32AF0735680F}.Release|Any CPU.Build.0 = Release|Any CPU
		{ABE3DB20-7E3D-477F-9F48-D184DC9828A9}.Debug|Any CPU.ActiveCfg = Debug|Any CPU
		{ABE3DB20-7E3D-477F-9F48-D184DC9828A9}.Debug|Any CPU.Build.0 = Debug|Any CPU
		{ABE3DB20-7E3D-477F-9F48-D184DC9828A9}.Release|Any CPU.ActiveCfg = Release|Any CPU
		{ABE3DB20-7E3D-477F-9F48-D184DC9828A9}.Release|Any CPU.Build.0 = Release|Any CPU
		{B9849D35-81B6-4CD0-8D47-62F2089C4F7A}.Debug|Any CPU.ActiveCfg = Debug|Any CPU
		{B9849D35-81B6-4CD0-8D47-62F2089C4F7A}.Debug|Any CPU.Build.0 = Debug|Any CPU
		{B9849D35-81B6-4CD0-8D47-62F2089C4F7A}.Release|Any CPU.ActiveCfg = Release|Any CPU
		{B9849D35-81B6-4CD0-8D47-62F2089C4F7A}.Release|Any CPU.Build.0 = Release|Any CPU
		{F7F345BF-A429-4D13-99AF-443F67102DEE}.Debug|Any CPU.ActiveCfg = Debug|Any CPU
		{F7F345BF-A429-4D13-99AF-443F67102DEE}.Debug|Any CPU.Build.0 = Debug|Any CPU
		{F7F345BF-A429-4D13-99AF-443F67102DEE}.Release|Any CPU.ActiveCfg = Release|Any CPU
		{F7F345BF-A429-4D13-99AF-443F67102DEE}.Release|Any CPU.Build.0 = Release|Any CPU
		{C213433D-E2AC-46D9-9818-F5A01D144B47}.Debug|Any CPU.ActiveCfg = Debug|Any CPU
		{C213433D-E2AC-46D9-9818-F5A01D144B47}.Debug|Any CPU.Build.0 = Debug|Any CPU
		{C213433D-E2AC-46D9-9818-F5A01D144B47}.Release|Any CPU.ActiveCfg = Release|Any CPU
		{C213433D-E2AC-46D9-9818-F5A01D144B47}.Release|Any CPU.Build.0 = Release|Any CPU
		{C6B38273-7152-4B05-AA99-10672CE8D1DF}.Debug|Any CPU.ActiveCfg = Debug|Any CPU
		{C6B38273-7152-4B05-AA99-10672CE8D1DF}.Debug|Any CPU.Build.0 = Debug|Any CPU
		{C6B38273-7152-4B05-AA99-10672CE8D1DF}.Release|Any CPU.ActiveCfg = Release|Any CPU
		{C6B38273-7152-4B05-AA99-10672CE8D1DF}.Release|Any CPU.Build.0 = Release|Any CPU
	EndGlobalSection
	GlobalSection(SolutionProperties) = preSolution
		HideSolutionNode = FALSE
	EndGlobalSection
	GlobalSection(ExtensibilityGlobals) = postSolution
		SolutionGuid = {623ECF2C-6051-42EB-84C4-177F59F2392F}
	EndGlobalSection
EndGlobal
